
Microsoft Visual Studio Solution File, Format Version 12.00
# Visual Studio 15
VisualStudioVersion = 15.0.27130.2036
MinimumVisualStudioVersion = 10.0.40219.1
Project("{FAE04EC0-301F-11D3-BF4B-00C04F79EFBC}") = "TouchDesignerVersionDetector", "TouchDesignerVersionDetector\TouchDesignerVersionDetector.csproj", "{F793B0E0-6F45-44F3-814F-F2B76A5F4776}"
EndProject
Global
	GlobalSection(SolutionConfigurationPlatforms) = preSolution
		Debug|Any CPU = Debug|Any CPU
		Release|Any CPU = Release|Any CPU
	EndGlobalSection
	GlobalSection(ProjectConfigurationPlatforms) = postSolution
		{F793B0E0-6F45-44F3-814F-F2B76A5F4776}.Debug|Any CPU.ActiveCfg = Debug|Any CPU
		{F793B0E0-6F45-44F3-814F-F2B76A5F4776}.Debug|Any CPU.Build.0 = Debug|Any CPU
		{F793B0E0-6F45-44F3-814F-F2B76A5F4776}.Release|Any CPU.ActiveCfg = Release|Any CPU
		{F793B0E0-6F45-44F3-814F-F2B76A5F4776}.Release|Any CPU.Build.0 = Release|Any CPU
	EndGlobalSection
	GlobalSection(SolutionProperties) = preSolution
		HideSolutionNode = FALSE
	EndGlobalSection
	GlobalSection(ExtensibilityGlobals) = postSolution
		SolutionGuid = {A671DF35-8F73-4839-8236-0567B2E291F5}
	EndGlobalSection
EndGlobal
